
Microsoft Visual Studio Solution File, Format Version 12.00
# Visual Studio 15
VisualStudioVersion = 15.0.28010.2003
MinimumVisualStudioVersion = 10.0.40219.1
Project("{FAE04EC0-301F-11D3-BF4B-00C04F79EFBC}") = "Oblig3", "Oblig3\Oblig3.csproj", "{A65FD0CE-EAEC-42A9-962F-FF66B312CA63}"
EndProject
Global
	GlobalSection(SolutionConfigurationPlatforms) = preSolution
		Debug|Any CPU = Debug|Any CPU
		Release|Any CPU = Release|Any CPU
	EndGlobalSection
	GlobalSection(ProjectConfigurationPlatforms) = postSolution
		{A65FD0CE-EAEC-42A9-962F-FF66B312CA63}.Debug|Any CPU.ActiveCfg = Debug|Any CPU
		{A65FD0CE-EAEC-42A9-962F-FF66B312CA63}.Debug|Any CPU.Build.0 = Debug|Any CPU
		{A65FD0CE-EAEC-42A9-962F-FF66B312CA63}.Release|Any CPU.ActiveCfg = Release|Any CPU
		{A65FD0CE-EAEC-42A9-962F-FF66B312CA63}.Release|Any CPU.Build.0 = Release|Any CPU
	EndGlobalSection
	GlobalSection(SolutionProperties) = preSolution
		HideSolutionNode = FALSE
	EndGlobalSection
	GlobalSection(ExtensibilityGlobals) = postSolution
		SolutionGuid = {84A05B58-64EB-400C-B725-6751201FB7BC}
	EndGlobalSection
EndGlobal
